
Microsoft Visual Studio Solution File, Format Version 12.00
# Visual Studio Version 17
VisualStudioVersion = 17.8.34309.116
MinimumVisualStudioVersion = 10.0.40219.1
Project("{FAE04EC0-301F-11D3-BF4B-00C04F79EFBC}") = "HeroLevelRanker", "ProgrammingLogicChallengeDIO\HeroLevelRanker.csproj", "{A9BA8C51-4077-46A7-BD58-89E348E25BBB}"
EndProject
Project("{FAE04EC0-301F-11D3-BF4B-00C04F79EFBC}") = "RankedMatchCalculator", "RankedMatchCalculator\RankedMatchCalculator.csproj", "{F3196812-4167-40C6-A533-382603939F3B}"
EndProject
Project("{FAE04EC0-301F-11D3-BF4B-00C04F79EFBC}") = "WritingClassesGame", "WritingClassesGame\WritingClassesGame.csproj", "{6401A347-436A-4C7B-9F5B-BFF867CBB6B9}"
EndProject
Global
	GlobalSection(SolutionConfigurationPlatforms) = preSolution
		Debug|Any CPU = Debug|Any CPU
		Release|Any CPU = Release|Any CPU
	EndGlobalSection
	GlobalSection(ProjectConfigurationPlatforms) = postSolution
		{A9BA8C51-4077-46A7-BD58-89E348E25BBB}.Debug|Any CPU.ActiveCfg = Debug|Any CPU
		{A9BA8C51-4077-46A7-BD58-89E348E25BBB}.Debug|Any CPU.Build.0 = Debug|Any CPU
		{A9BA8C51-4077-46A7-BD58-89E348E25BBB}.Release|Any CPU.ActiveCfg = Release|Any CPU
		{A9BA8C51-4077-46A7-BD58-89E348E25BBB}.Release|Any CPU.Build.0 = Release|Any CPU
		{F3196812-4167-40C6-A533-382603939F3B}.Debug|Any CPU.ActiveCfg = Debug|Any CPU
		{F3196812-4167-40C6-A533-382603939F3B}.Debug|Any CPU.Build.0 = Debug|Any CPU
		{F3196812-4167-40C6-A533-382603939F3B}.Release|Any CPU.ActiveCfg = Release|Any CPU
		{F3196812-4167-40C6-A533-382603939F3B}.Release|Any CPU.Build.0 = Release|Any CPU
		{6401A347-436A-4C7B-9F5B-BFF867CBB6B9}.Debug|Any CPU.ActiveCfg = Debug|Any CPU
		{6401A347-436A-4C7B-9F5B-BFF867CBB6B9}.Debug|Any CPU.Build.0 = Debug|Any CPU
		{6401A347-436A-4C7B-9F5B-BFF867CBB6B9}.Release|Any CPU.ActiveCfg = Release|Any CPU
		{6401A347-436A-4C7B-9F5B-BFF867CBB6B9}.Release|Any CPU.Build.0 = Release|Any CPU
	EndGlobalSection
	GlobalSection(SolutionProperties) = preSolution
		HideSolutionNode = FALSE
	EndGlobalSection
	GlobalSection(ExtensibilityGlobals) = postSolution
		SolutionGuid = {97A900CA-9BA4-4231-9F3F-A1B9BB3A6C82}
	EndGlobalSection
EndGlobal
